{
  "name": "zulu-time-cli",
  "version": "0.1.0",
  "lockfileVersion": 1,
  "requires": true,
  "dependencies": {
    "zulu-time": {
      "version": "0.1.0",
      "resolved": "https://registry.npmjs.org/zulu-time/-/zulu-time-0.1.0.tgz",
      "integrity": "sha512-Yk4KOhvPOEbBc6VHYRA5G1OuC7mBB5+1HhzSo59PVjSJQL/WPK7PxeT3OAYZqMEY/eRwStncDH4qnQZxVo765Q=="
    }
  }
}
